{
    "_readme": [
        "This file locks the dependencies of your project to a known state",
        "Read more about it at https://getcomposer.org/doc/01-basic-usage.md#installing-dependencies",
        "This file is @generated automatically"
    ],
    "content-hash": "123d3f9dca9bff4e99fa0b4233618bb0",
    "packages": [],
    "packages-dev": [],
    "aliases": [],
    "minimum-stability": "stable",
    "stability-flags": [],
    "prefer-stable": false,
    "prefer-lowest": false,
    "platform": {
        "php": ">=7.3",
        "ext-pdo": "*",
        "ext-mysqli": "*",
        "ext-json": "*",
        "ext-exif": "*",
        "ext-dom": "*"
    },
    "platform-dev": [],
    "platform-overrides": {
        "php": "7.3"
    },
    "plugin-api-version": "2.6.0"
}
